
Microsoft Visual Studio Solution File, Format Version 12.00
# Visual Studio Version 17
VisualStudioVersion = 17.10.35013.160
MinimumVisualStudioVersion = 10.0.40219.1
Project("{FAE04EC0-301F-11D3-BF4B-00C04F79EFBC}") = "Practica3PrograAW_API", "Practica3PrograAW_API\Practica3PrograAW_API.csproj", "{4863BBAC-4A14-4628-B636-8E0B67A18979}"
EndProject
Global
	GlobalSection(SolutionConfigurationPlatforms) = preSolution
		Debug|Any CPU = Debug|Any CPU
		Release|Any CPU = Release|Any CPU
	EndGlobalSection
	GlobalSection(ProjectConfigurationPlatforms) = postSolution
		{4863BBAC-4A14-4628-B636-8E0B67A18979}.Debug|Any CPU.ActiveCfg = Debug|Any CPU
		{4863BBAC-4A14-4628-B636-8E0B67A18979}.Debug|Any CPU.Build.0 = Debug|Any CPU
		{4863BBAC-4A14-4628-B636-8E0B67A18979}.Release|Any CPU.ActiveCfg = Release|Any CPU
		{4863BBAC-4A14-4628-B636-8E0B67A18979}.Release|Any CPU.Build.0 = Release|Any CPU
	EndGlobalSection
	GlobalSection(SolutionProperties) = preSolution
		HideSolutionNode = FALSE
	EndGlobalSection
	GlobalSection(ExtensibilityGlobals) = postSolution
		SolutionGuid = {8C04B13A-EB0F-4B34-8656-E195964540C3}
	EndGlobalSection
EndGlobal
